
Microsoft Visual Studio Solution File, Format Version 12.00
# Visual Studio Version 17
VisualStudioVersion = 17.9.34622.214
MinimumVisualStudioVersion = 10.0.40219.1
Project("{FAE04EC0-301F-11D3-BF4B-00C04F79EFBC}") = "WeatherForecastTest", "WeatherForecastTest\WeatherForecastTest.csproj", "{0C53FFAA-A6B3-4D8F-8296-1FF1544760AD}"
EndProject
Global
	GlobalSection(SolutionConfigurationPlatforms) = preSolution
		Debug|Any CPU = Debug|Any CPU
		Release|Any CPU = Release|Any CPU
	EndGlobalSection
	GlobalSection(ProjectConfigurationPlatforms) = postSolution
		{0C53FFAA-A6B3-4D8F-8296-1FF1544760AD}.Debug|Any CPU.ActiveCfg = Debug|Any CPU
		{0C53FFAA-A6B3-4D8F-8296-1FF1544760AD}.Debug|Any CPU.Build.0 = Debug|Any CPU
		{0C53FFAA-A6B3-4D8F-8296-1FF1544760AD}.Release|Any CPU.ActiveCfg = Release|Any CPU
		{0C53FFAA-A6B3-4D8F-8296-1FF1544760AD}.Release|Any CPU.Build.0 = Release|Any CPU
	EndGlobalSection
	GlobalSection(SolutionProperties) = preSolution
		HideSolutionNode = FALSE
	EndGlobalSection
	GlobalSection(ExtensibilityGlobals) = postSolution
		SolutionGuid = {88429D5E-71DC-449E-9CA5-EEA02CC5A497}
	EndGlobalSection
EndGlobal
